
Microsoft Visual Studio Solution File, Format Version 12.00
# Visual Studio 15
VisualStudioVersion = 15.0.28307.757
MinimumVisualStudioVersion = 10.0.40219.1
Project("{FAE04EC0-301F-11D3-BF4B-00C04F79EFBC}") = "ActionFuncTest", "ActionFuncTest\ActionFuncTest.csproj", "{C2BB4F40-97E8-4855-A22D-F4081D637F25}"
EndProject
Global
	GlobalSection(SolutionConfigurationPlatforms) = preSolution
		Debug|Any CPU = Debug|Any CPU
		Release|Any CPU = Release|Any CPU
	EndGlobalSection
	GlobalSection(ProjectConfigurationPlatforms) = postSolution
		{C2BB4F40-97E8-4855-A22D-F4081D637F25}.Debug|Any CPU.ActiveCfg = Debug|Any CPU
		{C2BB4F40-97E8-4855-A22D-F4081D637F25}.Debug|Any CPU.Build.0 = Debug|Any CPU
		{C2BB4F40-97E8-4855-A22D-F4081D637F25}.Release|Any CPU.ActiveCfg = Release|Any CPU
		{C2BB4F40-97E8-4855-A22D-F4081D637F25}.Release|Any CPU.Build.0 = Release|Any CPU
	EndGlobalSection
	GlobalSection(SolutionProperties) = preSolution
		HideSolutionNode = FALSE
	EndGlobalSection
	GlobalSection(ExtensibilityGlobals) = postSolution
		SolutionGuid = {1998AEF0-FA31-4590-82FB-03DEB175D5B6}
	EndGlobalSection
EndGlobal
